{
  "object": {
    "pins": [
      {
        "package": "Chip8Emulator",
        "repositoryURL": "/Users/rgrey/dev/personal/Chip8Emulator/Chip8Emulator/",
        "state": {
          "branch": "main",
          "revision": "98c89d3266da49b7af7e7211afda0a23ea8b6d57",
          "version": null
        }
      }
    ]
  },
  "version": 1
}
