{
  "object": {
    "pins": [
      {
        "package": "Chip8Emulator",
        "repositoryURL": "/Users/rgrey/dev/personal/Chip8Emulator/Chip8Emulator",
        "state": {
          "branch": "main",
          "revision": "9a020923b92459abb0ac5c61de88212512e0f3a5",
          "version": null
        }
      }
    ]
  },
  "version": 1
}
